
Microsoft Visual Studio Solution File, Format Version 12.00
# Visual Studio Version 16
VisualStudioVersion = 16.0.29613.14
MinimumVisualStudioVersion = 10.0.40219.1
Project("{9A19103F-16F7-4668-BE54-9A1E7A4F7556}") = "AsyncGenerator", "AsyncGenerator\AsyncGenerator.csproj", "{9D321EA8-54AE-4741-86A8-12198551AD67}"
EndProject
Project("{9A19103F-16F7-4668-BE54-9A1E7A4F7556}") = "AsyncGenerator.Tests", "AsyncGenerator.Tests\AsyncGenerator.Tests.csproj", "{0A3D852A-5C81-4E74-AC16-85BA2EBF3581}"
EndProject
Project("{9A19103F-16F7-4668-BE54-9A1E7A4F7556}") = "AsyncGenerator.TestCases", "AsyncGenerator.TestCases\AsyncGenerator.TestCases.csproj", "{A183D706-0DBB-4F6B-92A5-6359660255D7}"
EndProject
Project("{9A19103F-16F7-4668-BE54-9A1E7A4F7556}") = "AsyncGenerator.Core", "AsyncGenerator.Core\AsyncGenerator.Core.csproj", "{7F45BDB9-6B8D-421F-9F91-D92AAB8F0F24}"
EndProject
Project("{9A19103F-16F7-4668-BE54-9A1E7A4F7556}") = "AsyncGenerator.Configuration.Yaml", "AsyncGenerator.Configuration.Yaml\AsyncGenerator.Configuration.Yaml.csproj", "{C130CF5A-6543-4396-99C3-E223FF3C5EEE}"
EndProject
Project("{9A19103F-16F7-4668-BE54-9A1E7A4F7556}") = "AsyncGenerator.CommandLine", "AsyncGenerator.CommandLine\AsyncGenerator.CommandLine.csproj", "{BF73EAAC-697E-456C-A323-3DF13A00EC64}"
EndProject
Project("{9A19103F-16F7-4668-BE54-9A1E7A4F7556}") = "AsyncGenerator.Tool", "AsyncGenerator.Tool\AsyncGenerator.Tool.csproj", "{DB1892E6-5980-4005-9CEB-B4B0E46FAA97}"
EndProject
Global
	GlobalSection(SolutionConfigurationPlatforms) = preSolution
		Debug|Any CPU = Debug|Any CPU
		Release|Any CPU = Release|Any CPU
	EndGlobalSection
	GlobalSection(ProjectConfigurationPlatforms) = postSolution
		{9D321EA8-54AE-4741-86A8-12198551AD67}.Debug|Any CPU.ActiveCfg = Debug|Any CPU
		{9D321EA8-54AE-4741-86A8-12198551AD67}.Debug|Any CPU.Build.0 = Debug|Any CPU
		{9D321EA8-54AE-4741-86A8-12198551AD67}.Release|Any CPU.ActiveCfg = Release|Any CPU
		{9D321EA8-54AE-4741-86A8-12198551AD67}.Release|Any CPU.Build.0 = Release|Any CPU
		{0A3D852A-5C81-4E74-AC16-85BA2EBF3581}.Debug|Any CPU.ActiveCfg = Debug|Any CPU
		{0A3D852A-5C81-4E74-AC16-85BA2EBF3581}.Debug|Any CPU.Build.0 = Debug|Any CPU
		{0A3D852A-5C81-4E74-AC16-85BA2EBF3581}.Release|Any CPU.ActiveCfg = Release|Any CPU
		{0A3D852A-5C81-4E74-AC16-85BA2EBF3581}.Release|Any CPU.Build.0 = Release|Any CPU
		{A183D706-0DBB-4F6B-92A5-6359660255D7}.Debug|Any CPU.ActiveCfg = Debug|Any CPU
		{A183D706-0DBB-4F6B-92A5-6359660255D7}.Debug|Any CPU.Build.0 = Debug|Any CPU
		{A183D706-0DBB-4F6B-92A5-6359660255D7}.Release|Any CPU.ActiveCfg = Release|Any CPU
		{A183D706-0DBB-4F6B-92A5-6359660255D7}.Release|Any CPU.Build.0 = Release|Any CPU
		{7F45BDB9-6B8D-421F-9F91-D92AAB8F0F24}.Debug|Any CPU.ActiveCfg = Debug|Any CPU
		{7F45BDB9-6B8D-421F-9F91-D92AAB8F0F24}.Debug|Any CPU.Build.0 = Debug|Any CPU
		{7F45BDB9-6B8D-421F-9F91-D92AAB8F0F24}.Release|Any CPU.ActiveCfg = Release|Any CPU
		{7F45BDB9-6B8D-421F-9F91-D92AAB8F0F24}.Release|Any CPU.Build.0 = Release|Any CPU
		{C130CF5A-6543-4396-99C3-E223FF3C5EEE}.Debug|Any CPU.ActiveCfg = Debug|Any CPU
		{C130CF5A-6543-4396-99C3-E223FF3C5EEE}.Debug|Any CPU.Build.0 = Debug|Any CPU
		{C130CF5A-6543-4396-99C3-E223FF3C5EEE}.Release|Any CPU.ActiveCfg = Release|Any CPU
		{C130CF5A-6543-4396-99C3-E223FF3C5EEE}.Release|Any CPU.Build.0 = Release|Any CPU
		{BF73EAAC-697E-456C-A323-3DF13A00EC64}.Debug|Any CPU.ActiveCfg = Debug|Any CPU
		{BF73EAAC-697E-456C-A323-3DF13A00EC64}.Debug|Any CPU.Build.0 = Debug|Any CPU
		{BF73EAAC-697E-456C-A323-3DF13A00EC64}.Release|Any CPU.ActiveCfg = Release|Any CPU
		{BF73EAAC-697E-456C-A323-3DF13A00EC64}.Release|Any CPU.Build.0 = Release|Any CPU
		{DB1892E6-5980-4005-9CEB-B4B0E46FAA97}.Debug|Any CPU.ActiveCfg = Debug|Any CPU
		{DB1892E6-5980-4005-9CEB-B4B0E46FAA97}.Debug|Any CPU.Build.0 = Debug|Any CPU
		{DB1892E6-5980-4005-9CEB-B4B0E46FAA97}.Release|Any CPU.ActiveCfg = Release|Any CPU
		{DB1892E6-5980-4005-9CEB-B4B0E46FAA97}.Release|Any CPU.Build.0 = Release|Any CPU
	EndGlobalSection
	GlobalSection(SolutionProperties) = preSolution
		HideSolutionNode = FALSE
	EndGlobalSection
	GlobalSection(ExtensibilityGlobals) = postSolution
		SolutionGuid = {03161291-4CAD-4F5B-B2C6-081AB05963F0}
	EndGlobalSection
EndGlobal
